// !$*UTF8*$!
{
	archiveVersion = 1;
	classes = {
	};
	objectVersion = 50;
	objects = {

/* Begin PBXBuildFile section */
		4EF954A3239D87B9000B176B /* AppDelegate.swift in Sources */ = {isa = PBXBuildFile; fileRef = 4EF954A2239D87B9000B176B /* AppDelegate.swift */; };
		4EF954A5239D87B9000B176B /* SceneDelegate.swift in Sources */ = {isa = PBXBuildFile; fileRef = 4EF954A4239D87B9000B176B /* SceneDelegate.swift */; };
		4EF954A7239D87B9000B176B /* ViewController.swift in Sources */ = {isa = PBXBuildFile; fileRef = 4EF954A6239D87B9000B176B /* ViewController.swift */; };
		4EF954AA239D87B9000B176B /* Main.storyboard in Resources */ = {isa = PBXBuildFile; fileRef = 4EF954A8239D87B9000B176B /* Main.storyboard */; };
		4EF954AC239D87B9000B176B /* Assets.xcassets in Resources */ = {isa = PBXBuildFile; fileRef = 4EF954AB239D87B9000B176B /* Assets.xcassets */; };
		4EF954AF239D87B9000B176B /* LaunchScreen.storyboard in Resources */ = {isa = PBXBuildFile; fileRef = 4EF954AD239D87B9000B176B /* LaunchScreen.storyboard */; };
		4EF954BA239D87B9000B176B /* customFontsTests.swift in Sources */ = {isa = PBXBuildFile; fileRef = 4EF954B9239D87B9000B176B /* customFontsTests.swift */; };
		4EF954C5239D87B9000B176B /* customFontsUITests.swift in Sources */ = {isa = PBXBuildFile; fileRef = 4EF954C4239D87B9000B176B /* customFontsUITests.swift */; };
		4EF954D4239D87F7000B176B /* Lato-Regular.ttf in Resources */ = {isa = PBXBuildFile; fileRef = 4EF954D3239D87F7000B176B /* Lato-Regular.ttf */; };
		4EF954D6239D8804000B176B /* Lato-Bold.ttf in Resources */ = {isa = PBXBuildFile; fileRef = 4EF954D5239D8804000B176B /* Lato-Bold.ttf */; };
/* End PBXBuildFile section */

/* Begin PBXContainerItemProxy section */
		4EF954B6239D87B9000B176B /* PBXContainerItemProxy */ = {
			isa = PBXContainerItemProxy;
			containerPortal = 4EF95497239D87B9000B176B /* Project object */;
			proxyType = 1;
			remoteGlobalIDString = 4EF9549E239D87B9000B176B;
			remoteInfo = customFonts;
		};
		4EF954C1239D87B9000B176B /* PBXContainerItemProxy */ = {
			isa = PBXContainerItemProxy;
			containerPortal = 4EF95497239D87B9000B176B /* Project object */;
			proxyType = 1;
			remoteGlobalIDString = 4EF9549E239D87B9000B176B;
			remoteInfo = customFonts;
		};
/* End PBXContainerItemProxy section */

/* Begin PBXFileReference section */
		4EF9549F239D87B9000B176B /* customFonts.app */ = {isa = PBXFileReference; explicitFileType = wrapper.application; includeInIndex = 0; path = customFonts.app; sourceTree = BUILT_PRODUCTS_DIR; };
		4EF954A2239D87B9000B176B /* AppDelegate.swift */ = {isa = PBXFileReference; lastKnownFileType = sourcecode.swift; path = AppDelegate.swift; sourceTree = "<group>"; };
		4EF954A4239D87B9000B176B /* SceneDelegate.swift */ = {isa = PBXFileReference; lastKnownFileType = sourcecode.swift; path = SceneDelegate.swift; sourceTree = "<group>"; };
		4EF954A6239D87B9000B176B /* ViewController.swift */ = {isa = PBXFileReference; lastKnownFileType = sourcecode.swift; path = ViewController.swift; sourceTree = "<group>"; };
		4EF954A9239D87B9000B176B /* Base */ = {isa = PBXFileReference; lastKnownFileType = file.storyboard; name = Base; path = Base.lproj/Main.storyboard; sourceTree = "<group>"; };
		4EF954AB239D87B9000B176B /* Assets.xcassets */ = {isa = PBXFileReference; lastKnownFileType = folder.assetcatalog; path = Assets.xcassets; sourceTree = "<group>"; };
		4EF954AE239D87B9000B176B /* Base */ = {isa = PBXFileReference; lastKnownFileType = file.storyboard; name = Base; path = Base.lproj/LaunchScreen.storyboard; sourceTree = "<group>"; };
		4EF954B0239D87B9000B176B /* Info.plist */ = {isa = PBXFileReference; lastKnownFileType = text.plist.xml; path = Info.plist; sourceTree = "<group>"; };
		4EF954B5239D87B9000B176B /* customFontsTests.xctest */ = {isa = PBXFileReference; explicitFileType = wrapper.cfbundle; includeInIndex = 0; path = customFontsTests.xctest; sourceTree = BUILT_PRODUCTS_DIR; };
		4EF954B9239D87B9000B176B /* customFontsTests.swift */ = {isa = PBXFileReference; lastKnownFileType = sourcecode.swift; path = customFontsTests.swift; sourceTree = "<group>"; };
		4EF954BB239D87B9000B176B /* Info.plist */ = {isa = PBXFileReference; lastKnownFileType = text.plist.xml; path = Info.plist; sourceTree = "<group>"; };
		4EF954C0239D87B9000B176B /* customFontsUITests.xctest */ = {isa = PBXFileReference; explicitFileType = wrapper.cfbundle; includeInIndex = 0; path = customFontsUITests.xctest; sourceTree = BUILT_PRODUCTS_DIR; };
		4EF954C4239D87B9000B176B /* customFontsUITests.swift */ = {isa = PBXFileReference; lastKnownFileType = sourcecode.swift; path = customFontsUITests.swift; sourceTree = "<group>"; };
		4EF954C6239D87B9000B176B /* Info.plist */ = {isa = PBXFileReference; lastKnownFileType = text.plist.xml; path = Info.plist; sourceTree = "<group>"; };
		4EF954D3239D87F7000B176B /* Lato-Regular.ttf */ = {isa = PBXFileReference; lastKnownFileType = file; name = "Lato-Regular.ttf"; path = "../../../../Downloads/Lato/Lato-Regular.ttf"; sourceTree = "<group>"; };
		4EF954D5239D8804000B176B /* Lato-Bold.ttf */ = {isa = PBXFileReference; lastKnownFileType = file; name = "Lato-Bold.ttf"; path = "../../../../Downloads/Lato/Lato-Bold.ttf"; sourceTree = "<group>"; };
/* End PBXFileReference section */

/* Begin PBXFrameworksBuildPhase section */
		4EF9549C239D87B9000B176B /* Frameworks */ = {
			isa = PBXFrameworksBuildPhase;
			buildActionMask = 2147483647;
			files = (
			);
			runOnlyForDeploymentPostprocessing = 0;
		};
		4EF954B2239D87B9000B176B /* Frameworks */ = {
			isa = PBXFrameworksBuildPhase;
			buildActionMask = 2147483647;
			files = (
			);
			runOnlyForDeploymentPostprocessing = 0;
		};
		4EF954BD239D87B9000B176B /* Frameworks */ = {
			isa = PBXFrameworksBuildPhase;
			buildActionMask = 2147483647;
			files = (
			);
			runOnlyForDeploymentPostprocessing = 0;
		};
/* End PBXFrameworksBuildPhase section */

/* Begin PBXGroup section */
		4EF95496239D87B9000B176B = {
			isa = PBXGroup;
			children = (
				4EF954A1239D87B9000B176B /* customFonts */,
				4EF954B8239D87B9000B176B /* customFontsTests */,
				4EF954C3239D87B9000B176B /* customFontsUITests */,
				4EF954A0239D87B9000B176B /* Products */,
			);
			sourceTree = "<group>";
		};
		4EF954A0239D87B9000B176B /* Products */ = {
			isa = PBXGroup;
			children = (
				4EF9549F239D87B9000B176B /* customFonts.app */,
				4EF954B5239D87B9000B176B /* customFontsTests.xctest */,
				4EF954C0239D87B9000B176B /* customFontsUITests.xctest */,
			);
			name = Products;
			sourceTree = "<group>";
		};
		4EF954A1239D87B9000B176B /* customFonts */ = {
			isa = PBXGroup;
			children = (
				4EF954D2239D87CE000B176B /* Fonts */,
				4EF954A2239D87B9000B176B /* AppDelegate.swift */,
				4EF954A4239D87B9000B176B /* SceneDelegate.swift */,
				4EF954A6239D87B9000B176B /* ViewController.swift */,
				4EF954A8239D87B9000B176B /* Main.storyboard */,
				4EF954AB239D87B9000B176B /* Assets.xcassets */,
				4EF954AD239D87B9000B176B /* LaunchScreen.storyboard */,
				4EF954B0239D87B9000B176B /* Info.plist */,
			);
			path = customFonts;
			sourceTree = "<group>";
		};
		4EF954B8239D87B9000B176B /* customFontsTests */ = {
			isa = PBXGroup;
			children = (
				4EF954B9239D87B9000B176B /* customFontsTests.swift */,
				4EF954BB239D87B9000B176B /* Info.plist */,
			);
			path = customFontsTests;
			sourceTree = "<group>";
		};
		4EF954C3239D87B9000B176B /* customFontsUITests */ = {
			isa = PBXGroup;
			children = (
				4EF954C4239D87B9000B176B /* customFontsUITests.swift */,
				4EF954C6239D87B9000B176B /* Info.plist */,
			);
			path = customFontsUITests;
			sourceTree = "<group>";
		};
		4EF954D2239D87CE000B176B /* Fonts */ = {
			isa = PBXGroup;
			children = (
				4EF954D3239D87F7000B176B /* Lato-Regular.ttf */,
				4EF954D5239D8804000B176B /* Lato-Bold.ttf */,
			);
			path = Fonts;
			sourceTree = "<group>";
		};
/* End PBXGroup section */

/* Begin PBXNativeTarget section */
		4EF9549E239D87B9000B176B /* customFonts */ = {
			isa = PBXNativeTarget;
			buildConfigurationList = 4EF954C9239D87B9000B176B /* Build configuration list for PBXNativeTarget "customFonts" */;
			buildPhases = (
				4EF9549B239D87B9000B176B /* Sources */,
				4EF9549C239D87B9000B176B /* Frameworks */,
				4EF9549D239D87B9000B176B /* Resources */,
			);
			buildRules = (
			);
			dependencies = (
			);
			name = customFonts;
			productName = customFonts;
			productReference = 4EF9549F239D87B9000B176B /* customFonts.app */;
			productType = "com.apple.product-type.application";
		};
		4EF954B4239D87B9000B176B /* customFontsTests */ = {
			isa = PBXNativeTarget;
			buildConfigurationList = 4EF954CC239D87B9000B176B /* Build configuration list for PBXNativeTarget "customFontsTests" */;
			buildPhases = (
				4EF954B1239D87B9000B176B /* Sources */,
				4EF954B2239D87B9000B176B /* Frameworks */,
				4EF954B3239D87B9000B176B /* Resources */,
			);
			buildRules = (
			);
			dependencies = (
				4EF954B7239D87B9000B176B /* PBXTargetDependency */,
			);
			name = customFontsTests;
			productName = customFontsTests;
			productReference = 4EF954B5239D87B9000B176B /* customFontsTests.xctest */;
			productType = "com.apple.product-type.bundle.unit-test";
		};
		4EF954BF239D87B9000B176B /* customFontsUITests */ = {
			isa = PBXNativeTarget;
			buildConfigurationList = 4EF954CF239D87B9000B176B /* Build configuration list for PBXNativeTarget "customFontsUITests" */;
			buildPhases = (
				4EF954BC239D87B9000B176B /* Sources */,
				4EF954BD239D87B9000B176B /* Frameworks */,
				4EF954BE239D87B9000B176B /* Resources */,
			);
			buildRules = (
			);
			dependencies = (
				4EF954C2239D87B9000B176B /* PBXTargetDependency */,
			);
			name = customFontsUITests;
			productName = customFontsUITests;
			productReference = 4EF954C0239D87B9000B176B /* customFontsUITests.xctest */;
			productType = "com.apple.product-type.bundle.ui-testing";
		};
/* End PBXNativeTarget section */

/* Begin PBXProject section */
		4EF95497239D87B9000B176B /* Project object */ = {
			isa = PBXProject;
			attributes = {
				LastSwiftUpdateCheck = 1120;
				LastUpgradeCheck = 1120;
				ORGANIZATIONNAME = "Ajay Gandecha";
				TargetAttributes = {
					4EF9549E239D87B9000B176B = {
						CreatedOnToolsVersion = 11.2;
					};
					4EF954B4239D87B9000B176B = {
						CreatedOnToolsVersion = 11.2;
						TestTargetID = 4EF9549E239D87B9000B176B;
					};
					4EF954BF239D87B9000B176B = {
						CreatedOnToolsVersion = 11.2;
						TestTargetID = 4EF9549E239D87B9000B176B;
					};
				};
			};
			buildConfigurationList = 4EF9549A239D87B9000B176B /* Build configuration list for PBXProject "customFonts" */;
			compatibilityVersion = "Xcode 9.3";
			developmentRegion = en;
			hasScannedForEncodings = 0;
			knownRegions = (
				en,
				Base,
			);
			mainGroup = 4EF95496239D87B9000B176B;
			productRefGroup = 4EF954A0239D87B9000B176B /* Products */;
			projectDirPath = "";
			projectRoot = "";
			targets = (
				4EF9549E239D87B9000B176B /* customFonts */,
				4EF954B4239D87B9000B176B /* customFontsTests */,
				4EF954BF239D87B9000B176B /* customFontsUITests */,
			);
		};
/* End PBXProject section */

/* Begin PBXResourcesBuildPhase section */
		4EF9549D239D87B9000B176B /* Resources */ = {
			isa = PBXResourcesBuildPhase;
			buildActionMask = 2147483647;
			files = (
				4EF954AF239D87B9000B176B /* LaunchScreen.storyboard in Resources */,
				4EF954D6239D8804000B176B /* Lato-Bold.ttf in Resources */,
				4EF954AC239D87B9000B176B /* Assets.xcassets in Resources */,
				4EF954AA239D87B9000B176B /* Main.storyboard in Resources */,
				4EF954D4239D87F7000B176B /* Lato-Regular.ttf in Resources */,
			);
			runOnlyForDeploymentPostprocessing = 0;
		};
		4EF954B3239D87B9000B176B /* Resources */ = {
			isa = PBXResourcesBuildPhase;
			buildActionMask = 2147483647;
			files = (
			);
			runOnlyForDeploymentPostprocessing = 0;
		};
		4EF954BE239D87B9000B176B /* Resources */ = {
			isa = PBXResourcesBuildPhase;
			buildActionMask = 2147483647;
			files = (
			);
			runOnlyForDeploymentPostprocessing = 0;
		};
/* End PBXResourcesBuildPhase section */

/* Begin PBXSourcesBuildPhase section */
		4EF9549B239D87B9000B176B /* Sources */ = {
			isa = PBXSourcesBuildPhase;
			buildActionMask = 2147483647;
			files = (
				4EF954A7239D87B9000B176B /* ViewController.swift in Sources */,
				4EF954A3239D87B9000B176B /* AppDelegate.swift in Sources */,
				4EF954A5239D87B9000B176B /* SceneDelegate.swift in Sources */,
			);
			runOnlyForDeploymentPostprocessing = 0;
		};
		4EF954B1239D87B9000B176B /* Sources */ = {
			isa = PBXSourcesBuildPhase;
			buildActionMask = 2147483647;
			files = (
				4EF954BA239D87B9000B176B /* customFontsTests.swift in Sources */,
			);
			runOnlyForDeploymentPostprocessing = 0;
		};
		4EF954BC239D87B9000B176B /* Sources */ = {
			isa = PBXSourcesBuildPhase;
			buildActionMask = 2147483647;
			files = (
				4EF954C5239D87B9000B176B /* customFontsUITests.swift in Sources */,
			);
			runOnlyForDeploymentPostprocessing = 0;
		};
/* End PBXSourcesBuildPhase section */

/* Begin PBXTargetDependency section */
		4EF954B7239D87B9000B176B /* PBXTargetDependency */ = {
			isa = PBXTargetDependency;
			target = 4EF9549E239D87B9000B176B /* customFonts */;
			targetProxy = 4EF954B6239D87B9000B176B /* PBXContainerItemProxy */;
		};
		4EF954C2239D87B9000B176B /* PBXTargetDependency */ = {
			isa = PBXTargetDependency;
			target = 4EF9549E239D87B9000B176B /* customFonts */;
			targetProxy = 4EF954C1239D87B9000B176B /* PBXContainerItemProxy */;
		};
/* End PBXTargetDependency section */

/* Begin PBXVariantGroup section */
		4EF954A8239D87B9000B176B /* Main.storyboard */ = {
			isa = PBXVariantGroup;
			children = (
				4EF954A9239D87B9000B176B /* Base */,
			);
			name = Main.storyboard;
			sourceTree = "<group>";
		};
		4EF954AD239D87B9000B176B /* LaunchScreen.storyboard */ = {
			isa = PBXVariantGroup;
			children = (
				4EF954AE239D87B9000B176B /* Base */,
			);
			name = LaunchScreen.storyboard;
			sourceTree = "<group>";
		};
/* End PBXVariantGroup section */

/* Begin XCBuildConfiguration section */
		4EF954C7239D87B9000B176B /* Debug */ = {
			isa = XCBuildConfiguration;
			buildSettings = {
				ALWAYS_SEARCH_USER_PATHS = NO;
				CLANG_ANALYZER_NONNULL = YES;
				CLANG_ANALYZER_NUMBER_OBJECT_CONVERSION = YES_AGGRESSIVE;
				CLANG_CXX_LANGUAGE_STANDARD = "gnu++14";
				CLANG_CXX_LIBRARY = "libc++";
				CLANG_ENABLE_MODULES = YES;
				CLANG_ENABLE_OBJC_ARC = YES;
				CLANG_ENABLE_OBJC_WEAK = YES;
				CLANG_WARN_BLOCK_CAPTURE_AUTORELEASING = YES;
				CLANG_WARN_BOOL_CONVERSION = YES;
				CLANG_WARN_COMMA = YES;
				CLANG_WARN_CONSTANT_CONVERSION = YES;
				CLANG_WARN_DEPRECATED_OBJC_IMPLEMENTATIONS = YES;
				CLANG_WARN_DIRECT_OBJC_ISA_USAGE = YES_ERROR;
				CLANG_WARN_DOCUMENTATION_COMMENTS = YES;
				CLANG_WARN_EMPTY_BODY = YES;
				CLANG_WARN_ENUM_CONVERSION = YES;
				CLANG_WARN_INFINITE_RECURSION = YES;
				CLANG_WARN_INT_CONVERSION = YES;
				CLANG_WARN_NON_LITERAL_NULL_CONVERSION = YES;
				CLANG_WARN_OBJC_IMPLICIT_RETAIN_SELF = YES;
				CLANG_WARN_OBJC_LITERAL_CONVERSION = YES;
				CLANG_WARN_OBJC_ROOT_CLASS = YES_ERROR;
				CLANG_WARN_RANGE_LOOP_ANALYSIS = YES;
				CLANG_WARN_STRICT_PROTOTYPES = YES;
				CLANG_WARN_SUSPICIOUS_MOVE = YES;
				CLANG_WARN_UNGUARDED_AVAILABILITY = YES_AGGRESSIVE;
				CLANG_WARN_UNREACHABLE_CODE = YES;
				CLANG_WARN__DUPLICATE_METHOD_MATCH = YES;
				COPY_PHASE_STRIP = NO;
				DEBUG_INFORMATION_FORMAT = dwarf;
				ENABLE_STRICT_OBJC_MSGSEND = YES;
				ENABLE_TESTABILITY = YES;
				GCC_C_LANGUAGE_STANDARD = gnu11;
				GCC_DYNAMIC_NO_PIC = NO;
				GCC_NO_COMMON_BLOCKS = YES;
				GCC_OPTIMIZATION_LEVEL = 0;
				GCC_PREPROCESSOR_DEFINITIONS = (
					"DEBUG=1",
					"$(inherited)",
				);
				GCC_WARN_64_TO_32_BIT_CONVERSION = YES;
				GCC_WARN_ABOUT_RETURN_TYPE = YES_ERROR;
				GCC_WARN_UNDECLARED_SELECTOR = YES;
				GCC_WARN_UNINITIALIZED_AUTOS = YES_AGGRESSIVE;
				GCC_WARN_UNUSED_FUNCTION = YES;
				GCC_WARN_UNUSED_VARIABLE = YES;
				IPHONEOS_DEPLOYMENT_TARGET = 13.2;
				MTL_ENABLE_DEBUG_INFO = INCLUDE_SOURCE;
				MTL_FAST_MATH = YES;
				ONLY_ACTIVE_ARCH = YES;
				SDKROOT = iphoneos;
				SWIFT_ACTIVE_COMPILATION_CONDITIONS = DEBUG;
				SWIFT_OPTIMIZATION_LEVEL = "-Onone";
			};
			name = Debug;
		};
		4EF954C8239D87B9000B176B /* Release */ = {
			isa = XCBuildConfiguration;
			buildSettings = {
				ALWAYS_SEARCH_USER_PATHS = NO;
				CLANG_ANALYZER_NONNULL = YES;
				CLANG_ANALYZER_NUMBER_OBJECT_CONVERSION = YES_AGGRESSIVE;
				CLANG_CXX_LANGUAGE_STANDARD = "gnu++14";
				CLANG_CXX_LIBRARY = "libc++";
				CLANG_ENABLE_MODULES = YES;
				CLANG_ENABLE_OBJC_ARC = YES;
				CLANG_ENABLE_OBJC_WEAK = YES;
				CLANG_WARN_BLOCK_CAPTURE_AUTORELEASING = YES;
				CLANG_WARN_BOOL_CONVERSION = YES;
				CLANG_WARN_COMMA = YES;
				CLANG_WARN_CONSTANT_CONVERSION = YES;
				CLANG_WARN_DEPRECATED_OBJC_IMPLEMENTATIONS = YES;
				CLANG_WARN_DIRECT_OBJC_ISA_USAGE = YES_ERROR;
				CLANG_WARN_DOCUMENTATION_COMMENTS = YES;
				CLANG_WARN_EMPTY_BODY = YES;
				CLANG_WARN_ENUM_CONVERSION = YES;
				CLANG_WARN_INFINITE_RECURSION = YES;
				CLANG_WARN_INT_CONVERSION = YES;
				CLANG_WARN_NON_LITERAL_NULL_CONVERSION = YES;
				CLANG_WARN_OBJC_IMPLICIT_RETAIN_SELF = YES;
				CLANG_WARN_OBJC_LITERAL_CONVERSION = YES;
				CLANG_WARN_OBJC_ROOT_CLASS = YES_ERROR;
				CLANG_WARN_RANGE_LOOP_ANALYSIS = YES;
				CLANG_WARN_STRICT_PROTOTYPES = YES;
				CLANG_WARN_SUSPICIOUS_MOVE = YES;
				CLANG_WARN_UNGUARDED_AVAILABILITY = YES_AGGRESSIVE;
				CLANG_WARN_UNREACHABLE_CODE = YES;
				CLANG_WARN__DUPLICATE_METHOD_MATCH = YES;
				COPY_PHASE_STRIP = NO;
				DEBUG_INFORMATION_FORMAT = "dwarf-with-dsym";
				ENABLE_NS_ASSERTIONS = NO;
				ENABLE_STRICT_OBJC_MSGSEND = YES;
				GCC_C_LANGUAGE_STANDARD = gnu11;
				GCC_NO_COMMON_BLOCKS = YES;
				GCC_WARN_64_TO_32_BIT_CONVERSION = YES;
				GCC_WARN_ABOUT_RETURN_TYPE = YES_ERROR;
				GCC_WARN_UNDECLARED_SELECTOR = YES;
				GCC_WARN_UNINITIALIZED_AUTOS = YES_AGGRESSIVE;
				GCC_WARN_UNUSED_FUNCTION = YES;
				GCC_WARN_UNUSED_VARIABLE = YES;
				IPHONEOS_DEPLOYMENT_TARGET = 13.2;
				MTL_ENABLE_DEBUG_INFO = NO;
				MTL_FAST_MATH = YES;
				SDKROOT = iphoneos;
				SWIFT_COMPILATION_MODE = wholemodule;
				SWIFT_OPTIMIZATION_LEVEL = "-O";
				VALIDATE_PRODUCT = YES;
			};
			name = Release;
		};
		4EF954CA239D87B9000B176B /* Debug */ = {
			isa = XCBuildConfiguration;
			buildSettings = {
				ASSETCATALOG_COMPILER_APPICON_NAME = AppIcon;
				CODE_SIGN_STYLE = Automatic;
				INFOPLIST_FILE = customFonts/Info.plist;
				LD_RUNPATH_SEARCH_PATHS = (
					"$(inherited)",
					"@executable_path/Frameworks",
				);
				PRODUCT_BUNDLE_IDENTIFIER = com.ajaygandecha.customFonts;
				PRODUCT_NAME = "$(TARGET_NAME)";
				SWIFT_VERSION = 5.0;
				TARGETED_DEVICE_FAMILY = "1,2";
			};
			name = Debug;
		};
		4EF954CB239D87B9000B176B /* Release */ = {
			isa = XCBuildConfiguration;
			buildSettings = {
				ASSETCATALOG_COMPILER_APPICON_NAME = AppIcon;
				CODE_SIGN_STYLE = Automatic;
				INFOPLIST_FILE = customFonts/Info.plist;
				LD_RUNPATH_SEARCH_PATHS = (
					"$(inherited)",
					"@executable_path/Frameworks",
				);
				PRODUCT_BUNDLE_IDENTIFIER = com.ajaygandecha.customFonts;
				PRODUCT_NAME = "$(TARGET_NAME)";
				SWIFT_VERSION = 5.0;
				TARGETED_DEVICE_FAMILY = "1,2";
			};
			name = Release;
		};
		4EF954CD239D87B9000B176B /* Debug */ = {
			isa = XCBuildConfiguration;
			buildSettings = {
				ALWAYS_EMBED_SWIFT_STANDARD_LIBRARIES = YES;
				BUNDLE_LOADER = "$(TEST_HOST)";
				CODE_SIGN_STYLE = Automatic;
				INFOPLIST_FILE = customFontsTests/Info.plist;
				IPHONEOS_DEPLOYMENT_TARGET = 13.2;
				LD_RUNPATH_SEARCH_PATHS = (
					"$(inherited)",
					"@executable_path/Frameworks",
					"@loader_path/Frameworks",
				);
				PRODUCT_BUNDLE_IDENTIFIER = com.ajaygandecha.customFontsTests;
				PRODUCT_NAME = "$(TARGET_NAME)";
				SWIFT_VERSION = 5.0;
				TARGETED_DEVICE_FAMILY = "1,2";
				TEST_HOST = "$(BUILT_PRODUCTS_DIR)/customFonts.app/customFonts";
			};
			name = Debug;
		};
		4EF954CE239D87B9000B176B /* Release */ = {
			isa = XCBuildConfiguration;
			buildSettings = {
				ALWAYS_EMBED_SWIFT_STANDARD_LIBRARIES = YES;
				BUNDLE_LOADER = "$(TEST_HOST)";
				CODE_SIGN_STYLE = Automatic;
				INFOPLIST_FILE = customFontsTests/Info.plist;
				IPHONEOS_DEPLOYMENT_TARGET = 13.2;
				LD_RUNPATH_SEARCH_PATHS = (
					"$(inherited)",
					"@executable_path/Frameworks",
					"@loader_path/Frameworks",
				);
				PRODUCT_BUNDLE_IDENTIFIER = com.ajaygandecha.customFontsTests;
				PRODUCT_NAME = "$(TARGET_NAME)";
				SWIFT_VERSION = 5.0;
				TARGETED_DEVICE_FAMILY = "1,2";
				TEST_HOST = "$(BUILT_PRODUCTS_DIR)/customFonts.app/customFonts";
			};
			name = Release;
		};
		4EF954D0239D87B9000B176B /* Debug */ = {
			isa = XCBuildConfiguration;
			buildSettings = {
				ALWAYS_EMBED_SWIFT_STANDARD_LIBRARIES = YES;
				CODE_SIGN_STYLE = Automatic;
				INFOPLIST_FILE = customFontsUITests/Info.plist;
				LD_RUNPATH_SEARCH_PATHS = (
					"$(inherited)",
					"@executable_path/Frameworks",
					"@loader_path/Frameworks",
				);
				PRODUCT_BUNDLE_IDENTIFIER = com.ajaygandecha.customFontsUITests;
				PRODUCT_NAME = "$(TARGET_NAME)";
				SWIFT_VERSION = 5.0;
				TARGETED_DEVICE_FAMILY = "1,2";
				TEST_TARGET_NAME = customFonts;
			};
			name = Debug;
		};
		4EF954D1239D87B9000B176B /* Release */ = {
			isa = XCBuildConfiguration;
			buildSettings = {
				ALWAYS_EMBED_SWIFT_STANDARD_LIBRARIES = YES;
				CODE_SIGN_STYLE = Automatic;
				INFOPLIST_FILE = customFontsUITests/Info.plist;
				LD_RUNPATH_SEARCH_PATHS = (
					"$(inherited)",
					"@executable_path/Frameworks",
					"@loader_path/Frameworks",
				);
				PRODUCT_BUNDLE_IDENTIFIER = com.ajaygandecha.customFontsUITests;
				PRODUCT_NAME = "$(TARGET_NAME)";
				SWIFT_VERSION = 5.0;
				TARGETED_DEVICE_FAMILY = "1,2";
				TEST_TARGET_NAME = customFonts;
			};
			name = Release;
		};
/* End XCBuildConfiguration section */

/* Begin XCConfigurationList section */
		4EF9549A239D87B9000B176B /* Build configuration list for PBXProject "customFonts" */ = {
			isa = XCConfigurationList;
			buildConfigurations = (
				4EF954C7239D87B9000B176B /* Debug */,
				4EF954C8239D87B9000B176B /* Release */,
			);
			defaultConfigurationIsVisible = 0;
			defaultConfigurationName = Release;
		};
		4EF954C9239D87B9000B176B /* Build configuration list for PBXNativeTarget "customFonts" */ = {
			isa = XCConfigurationList;
			buildConfigurations = (
				4EF954CA239D87B9000B176B /* Debug */,
				4EF954CB239D87B9000B176B /* Release */,
			);
			defaultConfigurationIsVisible = 0;
			defaultConfigurationName = Release;
		};
		4EF954CC239D87B9000B176B /* Build configuration list for PBXNativeTarget "customFontsTests" */ = {
			isa = XCConfigurationList;
			buildConfigurations = (
				4EF954CD239D87B9000B176B /* Debug */,
				4EF954CE239D87B9000B176B /* Release */,
			);
			defaultConfigurationIsVisible = 0;
			defaultConfigurationName = Release;
		};
		4EF954CF239D87B9000B176B /* Build configuration list for PBXNativeTarget "customFontsUITests" */ = {
			isa = XCConfigurationList;
			buildConfigurations = (
				4EF954D0239D87B9000B176B /* Debug */,
				4EF954D1239D87B9000B176B /* Release */,
			);
			defaultConfigurationIsVisible = 0;
			defaultConfigurationName = Release;
		};
/* End XCConfigurationList section */
	};
	rootObject = 4EF95497239D87B9000B176B /* Project object */;
}
