// !$*UTF8*$!
{
	archiveVersion = 1;
	classes = {
	};
	objectVersion = 50;
	objects = {

/* Begin PBXBuildFile section */
		4E56FC1323A05681001678F4 /* AppDelegate.swift in Sources */ = {isa = PBXBuildFile; fileRef = 4E56FC1223A05681001678F4 /* AppDelegate.swift */; };
		4E56FC1523A05681001678F4 /* SceneDelegate.swift in Sources */ = {isa = PBXBuildFile; fileRef = 4E56FC1423A05681001678F4 /* SceneDelegate.swift */; };
		4E56FC1723A05681001678F4 /* ViewController.swift in Sources */ = {isa = PBXBuildFile; fileRef = 4E56FC1623A05681001678F4 /* ViewController.swift */; };
		4E56FC1A23A05681001678F4 /* Main.storyboard in Resources */ = {isa = PBXBuildFile; fileRef = 4E56FC1823A05681001678F4 /* Main.storyboard */; };
		4E56FC1C23A05681001678F4 /* Assets.xcassets in Resources */ = {isa = PBXBuildFile; fileRef = 4E56FC1B23A05681001678F4 /* Assets.xcassets */; };
		4E56FC1F23A05681001678F4 /* LaunchScreen.storyboard in Resources */ = {isa = PBXBuildFile; fileRef = 4E56FC1D23A05681001678F4 /* LaunchScreen.storyboard */; };
		4E56FC2A23A05682001678F4 /* AlertsTests.swift in Sources */ = {isa = PBXBuildFile; fileRef = 4E56FC2923A05682001678F4 /* AlertsTests.swift */; };
		4E56FC3523A05682001678F4 /* AlertsUITests.swift in Sources */ = {isa = PBXBuildFile; fileRef = 4E56FC3423A05682001678F4 /* AlertsUITests.swift */; };
/* End PBXBuildFile section */

/* Begin PBXContainerItemProxy section */
		4E56FC2623A05682001678F4 /* PBXContainerItemProxy */ = {
			isa = PBXContainerItemProxy;
			containerPortal = 4E56FC0723A05681001678F4 /* Project object */;
			proxyType = 1;
			remoteGlobalIDString = 4E56FC0E23A05681001678F4;
			remoteInfo = Alerts;
		};
		4E56FC3123A05682001678F4 /* PBXContainerItemProxy */ = {
			isa = PBXContainerItemProxy;
			containerPortal = 4E56FC0723A05681001678F4 /* Project object */;
			proxyType = 1;
			remoteGlobalIDString = 4E56FC0E23A05681001678F4;
			remoteInfo = Alerts;
		};
/* End PBXContainerItemProxy section */

/* Begin PBXFileReference section */
		4E56FC0F23A05681001678F4 /* Alerts.app */ = {isa = PBXFileReference; explicitFileType = wrapper.application; includeInIndex = 0; path = Alerts.app; sourceTree = BUILT_PRODUCTS_DIR; };
		4E56FC1223A05681001678F4 /* AppDelegate.swift */ = {isa = PBXFileReference; lastKnownFileType = sourcecode.swift; path = AppDelegate.swift; sourceTree = "<group>"; };
		4E56FC1423A05681001678F4 /* SceneDelegate.swift */ = {isa = PBXFileReference; lastKnownFileType = sourcecode.swift; path = SceneDelegate.swift; sourceTree = "<group>"; };
		4E56FC1623A05681001678F4 /* ViewController.swift */ = {isa = PBXFileReference; lastKnownFileType = sourcecode.swift; path = ViewController.swift; sourceTree = "<group>"; };
		4E56FC1923A05681001678F4 /* Base */ = {isa = PBXFileReference; lastKnownFileType = file.storyboard; name = Base; path = Base.lproj/Main.storyboard; sourceTree = "<group>"; };
		4E56FC1B23A05681001678F4 /* Assets.xcassets */ = {isa = PBXFileReference; lastKnownFileType = folder.assetcatalog; path = Assets.xcassets; sourceTree = "<group>"; };
		4E56FC1E23A05681001678F4 /* Base */ = {isa = PBXFileReference; lastKnownFileType = file.storyboard; name = Base; path = Base.lproj/LaunchScreen.storyboard; sourceTree = "<group>"; };
		4E56FC2023A05681001678F4 /* Info.plist */ = {isa = PBXFileReference; lastKnownFileType = text.plist.xml; path = Info.plist; sourceTree = "<group>"; };
		4E56FC2523A05682001678F4 /* AlertsTests.xctest */ = {isa = PBXFileReference; explicitFileType = wrapper.cfbundle; includeInIndex = 0; path = AlertsTests.xctest; sourceTree = BUILT_PRODUCTS_DIR; };
		4E56FC2923A05682001678F4 /* AlertsTests.swift */ = {isa = PBXFileReference; lastKnownFileType = sourcecode.swift; path = AlertsTests.swift; sourceTree = "<group>"; };
		4E56FC2B23A05682001678F4 /* Info.plist */ = {isa = PBXFileReference; lastKnownFileType = text.plist.xml; path = Info.plist; sourceTree = "<group>"; };
		4E56FC3023A05682001678F4 /* AlertsUITests.xctest */ = {isa = PBXFileReference; explicitFileType = wrapper.cfbundle; includeInIndex = 0; path = AlertsUITests.xctest; sourceTree = BUILT_PRODUCTS_DIR; };
		4E56FC3423A05682001678F4 /* AlertsUITests.swift */ = {isa = PBXFileReference; lastKnownFileType = sourcecode.swift; path = AlertsUITests.swift; sourceTree = "<group>"; };
		4E56FC3623A05682001678F4 /* Info.plist */ = {isa = PBXFileReference; lastKnownFileType = text.plist.xml; path = Info.plist; sourceTree = "<group>"; };
/* End PBXFileReference section */

/* Begin PBXFrameworksBuildPhase section */
		4E56FC0C23A05681001678F4 /* Frameworks */ = {
			isa = PBXFrameworksBuildPhase;
			buildActionMask = 2147483647;
			files = (
			);
			runOnlyForDeploymentPostprocessing = 0;
		};
		4E56FC2223A05682001678F4 /* Frameworks */ = {
			isa = PBXFrameworksBuildPhase;
			buildActionMask = 2147483647;
			files = (
			);
			runOnlyForDeploymentPostprocessing = 0;
		};
		4E56FC2D23A05682001678F4 /* Frameworks */ = {
			isa = PBXFrameworksBuildPhase;
			buildActionMask = 2147483647;
			files = (
			);
			runOnlyForDeploymentPostprocessing = 0;
		};
/* End PBXFrameworksBuildPhase section */

/* Begin PBXGroup section */
		4E56FC0623A05681001678F4 = {
			isa = PBXGroup;
			children = (
				4E56FC1123A05681001678F4 /* Alerts */,
				4E56FC2823A05682001678F4 /* AlertsTests */,
				4E56FC3323A05682001678F4 /* AlertsUITests */,
				4E56FC1023A05681001678F4 /* Products */,
			);
			sourceTree = "<group>";
		};
		4E56FC1023A05681001678F4 /* Products */ = {
			isa = PBXGroup;
			children = (
				4E56FC0F23A05681001678F4 /* Alerts.app */,
				4E56FC2523A05682001678F4 /* AlertsTests.xctest */,
				4E56FC3023A05682001678F4 /* AlertsUITests.xctest */,
			);
			name = Products;
			sourceTree = "<group>";
		};
		4E56FC1123A05681001678F4 /* Alerts */ = {
			isa = PBXGroup;
			children = (
				4E56FC1223A05681001678F4 /* AppDelegate.swift */,
				4E56FC1423A05681001678F4 /* SceneDelegate.swift */,
				4E56FC1623A05681001678F4 /* ViewController.swift */,
				4E56FC1823A05681001678F4 /* Main.storyboard */,
				4E56FC1B23A05681001678F4 /* Assets.xcassets */,
				4E56FC1D23A05681001678F4 /* LaunchScreen.storyboard */,
				4E56FC2023A05681001678F4 /* Info.plist */,
			);
			path = Alerts;
			sourceTree = "<group>";
		};
		4E56FC2823A05682001678F4 /* AlertsTests */ = {
			isa = PBXGroup;
			children = (
				4E56FC2923A05682001678F4 /* AlertsTests.swift */,
				4E56FC2B23A05682001678F4 /* Info.plist */,
			);
			path = AlertsTests;
			sourceTree = "<group>";
		};
		4E56FC3323A05682001678F4 /* AlertsUITests */ = {
			isa = PBXGroup;
			children = (
				4E56FC3423A05682001678F4 /* AlertsUITests.swift */,
				4E56FC3623A05682001678F4 /* Info.plist */,
			);
			path = AlertsUITests;
			sourceTree = "<group>";
		};
/* End PBXGroup section */

/* Begin PBXNativeTarget section */
		4E56FC0E23A05681001678F4 /* Alerts */ = {
			isa = PBXNativeTarget;
			buildConfigurationList = 4E56FC3923A05682001678F4 /* Build configuration list for PBXNativeTarget "Alerts" */;
			buildPhases = (
				4E56FC0B23A05681001678F4 /* Sources */,
				4E56FC0C23A05681001678F4 /* Frameworks */,
				4E56FC0D23A05681001678F4 /* Resources */,
			);
			buildRules = (
			);
			dependencies = (
			);
			name = Alerts;
			productName = Alerts;
			productReference = 4E56FC0F23A05681001678F4 /* Alerts.app */;
			productType = "com.apple.product-type.application";
		};
		4E56FC2423A05682001678F4 /* AlertsTests */ = {
			isa = PBXNativeTarget;
			buildConfigurationList = 4E56FC3C23A05682001678F4 /* Build configuration list for PBXNativeTarget "AlertsTests" */;
			buildPhases = (
				4E56FC2123A05682001678F4 /* Sources */,
				4E56FC2223A05682001678F4 /* Frameworks */,
				4E56FC2323A05682001678F4 /* Resources */,
			);
			buildRules = (
			);
			dependencies = (
				4E56FC2723A05682001678F4 /* PBXTargetDependency */,
			);
			name = AlertsTests;
			productName = AlertsTests;
			productReference = 4E56FC2523A05682001678F4 /* AlertsTests.xctest */;
			productType = "com.apple.product-type.bundle.unit-test";
		};
		4E56FC2F23A05682001678F4 /* AlertsUITests */ = {
			isa = PBXNativeTarget;
			buildConfigurationList = 4E56FC3F23A05682001678F4 /* Build configuration list for PBXNativeTarget "AlertsUITests" */;
			buildPhases = (
				4E56FC2C23A05682001678F4 /* Sources */,
				4E56FC2D23A05682001678F4 /* Frameworks */,
				4E56FC2E23A05682001678F4 /* Resources */,
			);
			buildRules = (
			);
			dependencies = (
				4E56FC3223A05682001678F4 /* PBXTargetDependency */,
			);
			name = AlertsUITests;
			productName = AlertsUITests;
			productReference = 4E56FC3023A05682001678F4 /* AlertsUITests.xctest */;
			productType = "com.apple.product-type.bundle.ui-testing";
		};
/* End PBXNativeTarget section */

/* Begin PBXProject section */
		4E56FC0723A05681001678F4 /* Project object */ = {
			isa = PBXProject;
			attributes = {
				LastSwiftUpdateCheck = 1120;
				LastUpgradeCheck = 1120;
				ORGANIZATIONNAME = "Ajay Gandecha";
				TargetAttributes = {
					4E56FC0E23A05681001678F4 = {
						CreatedOnToolsVersion = 11.2;
					};
					4E56FC2423A05682001678F4 = {
						CreatedOnToolsVersion = 11.2;
						TestTargetID = 4E56FC0E23A05681001678F4;
					};
					4E56FC2F23A05682001678F4 = {
						CreatedOnToolsVersion = 11.2;
						TestTargetID = 4E56FC0E23A05681001678F4;
					};
				};
			};
			buildConfigurationList = 4E56FC0A23A05681001678F4 /* Build configuration list for PBXProject "Alerts" */;
			compatibilityVersion = "Xcode 9.3";
			developmentRegion = en;
			hasScannedForEncodings = 0;
			knownRegions = (
				en,
				Base,
			);
			mainGroup = 4E56FC0623A05681001678F4;
			productRefGroup = 4E56FC1023A05681001678F4 /* Products */;
			projectDirPath = "";
			projectRoot = "";
			targets = (
				4E56FC0E23A05681001678F4 /* Alerts */,
				4E56FC2423A05682001678F4 /* AlertsTests */,
				4E56FC2F23A05682001678F4 /* AlertsUITests */,
			);
		};
/* End PBXProject section */

/* Begin PBXResourcesBuildPhase section */
		4E56FC0D23A05681001678F4 /* Resources */ = {
			isa = PBXResourcesBuildPhase;
			buildActionMask = 2147483647;
			files = (
				4E56FC1F23A05681001678F4 /* LaunchScreen.storyboard in Resources */,
				4E56FC1C23A05681001678F4 /* Assets.xcassets in Resources */,
				4E56FC1A23A05681001678F4 /* Main.storyboard in Resources */,
			);
			runOnlyForDeploymentPostprocessing = 0;
		};
		4E56FC2323A05682001678F4 /* Resources */ = {
			isa = PBXResourcesBuildPhase;
			buildActionMask = 2147483647;
			files = (
			);
			runOnlyForDeploymentPostprocessing = 0;
		};
		4E56FC2E23A05682001678F4 /* Resources */ = {
			isa = PBXResourcesBuildPhase;
			buildActionMask = 2147483647;
			files = (
			);
			runOnlyForDeploymentPostprocessing = 0;
		};
/* End PBXResourcesBuildPhase section */

/* Begin PBXSourcesBuildPhase section */
		4E56FC0B23A05681001678F4 /* Sources */ = {
			isa = PBXSourcesBuildPhase;
			buildActionMask = 2147483647;
			files = (
				4E56FC1723A05681001678F4 /* ViewController.swift in Sources */,
				4E56FC1323A05681001678F4 /* AppDelegate.swift in Sources */,
				4E56FC1523A05681001678F4 /* SceneDelegate.swift in Sources */,
			);
			runOnlyForDeploymentPostprocessing = 0;
		};
		4E56FC2123A05682001678F4 /* Sources */ = {
			isa = PBXSourcesBuildPhase;
			buildActionMask = 2147483647;
			files = (
				4E56FC2A23A05682001678F4 /* AlertsTests.swift in Sources */,
			);
			runOnlyForDeploymentPostprocessing = 0;
		};
		4E56FC2C23A05682001678F4 /* Sources */ = {
			isa = PBXSourcesBuildPhase;
			buildActionMask = 2147483647;
			files = (
				4E56FC3523A05682001678F4 /* AlertsUITests.swift in Sources */,
			);
			runOnlyForDeploymentPostprocessing = 0;
		};
/* End PBXSourcesBuildPhase section */

/* Begin PBXTargetDependency section */
		4E56FC2723A05682001678F4 /* PBXTargetDependency */ = {
			isa = PBXTargetDependency;
			target = 4E56FC0E23A05681001678F4 /* Alerts */;
			targetProxy = 4E56FC2623A05682001678F4 /* PBXContainerItemProxy */;
		};
		4E56FC3223A05682001678F4 /* PBXTargetDependency */ = {
			isa = PBXTargetDependency;
			target = 4E56FC0E23A05681001678F4 /* Alerts */;
			targetProxy = 4E56FC3123A05682001678F4 /* PBXContainerItemProxy */;
		};
/* End PBXTargetDependency section */

/* Begin PBXVariantGroup section */
		4E56FC1823A05681001678F4 /* Main.storyboard */ = {
			isa = PBXVariantGroup;
			children = (
				4E56FC1923A05681001678F4 /* Base */,
			);
			name = Main.storyboard;
			sourceTree = "<group>";
		};
		4E56FC1D23A05681001678F4 /* LaunchScreen.storyboard */ = {
			isa = PBXVariantGroup;
			children = (
				4E56FC1E23A05681001678F4 /* Base */,
			);
			name = LaunchScreen.storyboard;
			sourceTree = "<group>";
		};
/* End PBXVariantGroup section */

/* Begin XCBuildConfiguration section */
		4E56FC3723A05682001678F4 /* Debug */ = {
			isa = XCBuildConfiguration;
			buildSettings = {
				ALWAYS_SEARCH_USER_PATHS = NO;
				CLANG_ANALYZER_NONNULL = YES;
				CLANG_ANALYZER_NUMBER_OBJECT_CONVERSION = YES_AGGRESSIVE;
				CLANG_CXX_LANGUAGE_STANDARD = "gnu++14";
				CLANG_CXX_LIBRARY = "libc++";
				CLANG_ENABLE_MODULES = YES;
				CLANG_ENABLE_OBJC_ARC = YES;
				CLANG_ENABLE_OBJC_WEAK = YES;
				CLANG_WARN_BLOCK_CAPTURE_AUTORELEASING = YES;
				CLANG_WARN_BOOL_CONVERSION = YES;
				CLANG_WARN_COMMA = YES;
				CLANG_WARN_CONSTANT_CONVERSION = YES;
				CLANG_WARN_DEPRECATED_OBJC_IMPLEMENTATIONS = YES;
				CLANG_WARN_DIRECT_OBJC_ISA_USAGE = YES_ERROR;
				CLANG_WARN_DOCUMENTATION_COMMENTS = YES;
				CLANG_WARN_EMPTY_BODY = YES;
				CLANG_WARN_ENUM_CONVERSION = YES;
				CLANG_WARN_INFINITE_RECURSION = YES;
				CLANG_WARN_INT_CONVERSION = YES;
				CLANG_WARN_NON_LITERAL_NULL_CONVERSION = YES;
				CLANG_WARN_OBJC_IMPLICIT_RETAIN_SELF = YES;
				CLANG_WARN_OBJC_LITERAL_CONVERSION = YES;
				CLANG_WARN_OBJC_ROOT_CLASS = YES_ERROR;
				CLANG_WARN_RANGE_LOOP_ANALYSIS = YES;
				CLANG_WARN_STRICT_PROTOTYPES = YES;
				CLANG_WARN_SUSPICIOUS_MOVE = YES;
				CLANG_WARN_UNGUARDED_AVAILABILITY = YES_AGGRESSIVE;
				CLANG_WARN_UNREACHABLE_CODE = YES;
				CLANG_WARN__DUPLICATE_METHOD_MATCH = YES;
				COPY_PHASE_STRIP = NO;
				DEBUG_INFORMATION_FORMAT = dwarf;
				ENABLE_STRICT_OBJC_MSGSEND = YES;
				ENABLE_TESTABILITY = YES;
				GCC_C_LANGUAGE_STANDARD = gnu11;
				GCC_DYNAMIC_NO_PIC = NO;
				GCC_NO_COMMON_BLOCKS = YES;
				GCC_OPTIMIZATION_LEVEL = 0;
				GCC_PREPROCESSOR_DEFINITIONS = (
					"DEBUG=1",
					"$(inherited)",
				);
				GCC_WARN_64_TO_32_BIT_CONVERSION = YES;
				GCC_WARN_ABOUT_RETURN_TYPE = YES_ERROR;
				GCC_WARN_UNDECLARED_SELECTOR = YES;
				GCC_WARN_UNINITIALIZED_AUTOS = YES_AGGRESSIVE;
				GCC_WARN_UNUSED_FUNCTION = YES;
				GCC_WARN_UNUSED_VARIABLE = YES;
				IPHONEOS_DEPLOYMENT_TARGET = 13.2;
				MTL_ENABLE_DEBUG_INFO = INCLUDE_SOURCE;
				MTL_FAST_MATH = YES;
				ONLY_ACTIVE_ARCH = YES;
				SDKROOT = iphoneos;
				SWIFT_ACTIVE_COMPILATION_CONDITIONS = DEBUG;
				SWIFT_OPTIMIZATION_LEVEL = "-Onone";
			};
			name = Debug;
		};
		4E56FC3823A05682001678F4 /* Release */ = {
			isa = XCBuildConfiguration;
			buildSettings = {
				ALWAYS_SEARCH_USER_PATHS = NO;
				CLANG_ANALYZER_NONNULL = YES;
				CLANG_ANALYZER_NUMBER_OBJECT_CONVERSION = YES_AGGRESSIVE;
				CLANG_CXX_LANGUAGE_STANDARD = "gnu++14";
				CLANG_CXX_LIBRARY = "libc++";
				CLANG_ENABLE_MODULES = YES;
				CLANG_ENABLE_OBJC_ARC = YES;
				CLANG_ENABLE_OBJC_WEAK = YES;
				CLANG_WARN_BLOCK_CAPTURE_AUTORELEASING = YES;
				CLANG_WARN_BOOL_CONVERSION = YES;
				CLANG_WARN_COMMA = YES;
				CLANG_WARN_CONSTANT_CONVERSION = YES;
				CLANG_WARN_DEPRECATED_OBJC_IMPLEMENTATIONS = YES;
				CLANG_WARN_DIRECT_OBJC_ISA_USAGE = YES_ERROR;
				CLANG_WARN_DOCUMENTATION_COMMENTS = YES;
				CLANG_WARN_EMPTY_BODY = YES;
				CLANG_WARN_ENUM_CONVERSION = YES;
				CLANG_WARN_INFINITE_RECURSION = YES;
				CLANG_WARN_INT_CONVERSION = YES;
				CLANG_WARN_NON_LITERAL_NULL_CONVERSION = YES;
				CLANG_WARN_OBJC_IMPLICIT_RETAIN_SELF = YES;
				CLANG_WARN_OBJC_LITERAL_CONVERSION = YES;
				CLANG_WARN_OBJC_ROOT_CLASS = YES_ERROR;
				CLANG_WARN_RANGE_LOOP_ANALYSIS = YES;
				CLANG_WARN_STRICT_PROTOTYPES = YES;
				CLANG_WARN_SUSPICIOUS_MOVE = YES;
				CLANG_WARN_UNGUARDED_AVAILABILITY = YES_AGGRESSIVE;
				CLANG_WARN_UNREACHABLE_CODE = YES;
				CLANG_WARN__DUPLICATE_METHOD_MATCH = YES;
				COPY_PHASE_STRIP = NO;
				DEBUG_INFORMATION_FORMAT = "dwarf-with-dsym";
				ENABLE_NS_ASSERTIONS = NO;
				ENABLE_STRICT_OBJC_MSGSEND = YES;
				GCC_C_LANGUAGE_STANDARD = gnu11;
				GCC_NO_COMMON_BLOCKS = YES;
				GCC_WARN_64_TO_32_BIT_CONVERSION = YES;
				GCC_WARN_ABOUT_RETURN_TYPE = YES_ERROR;
				GCC_WARN_UNDECLARED_SELECTOR = YES;
				GCC_WARN_UNINITIALIZED_AUTOS = YES_AGGRESSIVE;
				GCC_WARN_UNUSED_FUNCTION = YES;
				GCC_WARN_UNUSED_VARIABLE = YES;
				IPHONEOS_DEPLOYMENT_TARGET = 13.2;
				MTL_ENABLE_DEBUG_INFO = NO;
				MTL_FAST_MATH = YES;
				SDKROOT = iphoneos;
				SWIFT_COMPILATION_MODE = wholemodule;
				SWIFT_OPTIMIZATION_LEVEL = "-O";
				VALIDATE_PRODUCT = YES;
			};
			name = Release;
		};
		4E56FC3A23A05682001678F4 /* Debug */ = {
			isa = XCBuildConfiguration;
			buildSettings = {
				ASSETCATALOG_COMPILER_APPICON_NAME = AppIcon;
				CODE_SIGN_STYLE = Automatic;
				INFOPLIST_FILE = Alerts/Info.plist;
				LD_RUNPATH_SEARCH_PATHS = (
					"$(inherited)",
					"@executable_path/Frameworks",
				);
				PRODUCT_BUNDLE_IDENTIFIER = com.ajaygandecha.Alerts;
				PRODUCT_NAME = "$(TARGET_NAME)";
				SWIFT_VERSION = 5.0;
				TARGETED_DEVICE_FAMILY = "1,2";
			};
			name = Debug;
		};
		4E56FC3B23A05682001678F4 /* Release */ = {
			isa = XCBuildConfiguration;
			buildSettings = {
				ASSETCATALOG_COMPILER_APPICON_NAME = AppIcon;
				CODE_SIGN_STYLE = Automatic;
				INFOPLIST_FILE = Alerts/Info.plist;
				LD_RUNPATH_SEARCH_PATHS = (
					"$(inherited)",
					"@executable_path/Frameworks",
				);
				PRODUCT_BUNDLE_IDENTIFIER = com.ajaygandecha.Alerts;
				PRODUCT_NAME = "$(TARGET_NAME)";
				SWIFT_VERSION = 5.0;
				TARGETED_DEVICE_FAMILY = "1,2";
			};
			name = Release;
		};
		4E56FC3D23A05682001678F4 /* Debug */ = {
			isa = XCBuildConfiguration;
			buildSettings = {
				ALWAYS_EMBED_SWIFT_STANDARD_LIBRARIES = YES;
				BUNDLE_LOADER = "$(TEST_HOST)";
				CODE_SIGN_STYLE = Automatic;
				INFOPLIST_FILE = AlertsTests/Info.plist;
				IPHONEOS_DEPLOYMENT_TARGET = 13.2;
				LD_RUNPATH_SEARCH_PATHS = (
					"$(inherited)",
					"@executable_path/Frameworks",
					"@loader_path/Frameworks",
				);
				PRODUCT_BUNDLE_IDENTIFIER = com.ajaygandecha.AlertsTests;
				PRODUCT_NAME = "$(TARGET_NAME)";
				SWIFT_VERSION = 5.0;
				TARGETED_DEVICE_FAMILY = "1,2";
				TEST_HOST = "$(BUILT_PRODUCTS_DIR)/Alerts.app/Alerts";
			};
			name = Debug;
		};
		4E56FC3E23A05682001678F4 /* Release */ = {
			isa = XCBuildConfiguration;
			buildSettings = {
				ALWAYS_EMBED_SWIFT_STANDARD_LIBRARIES = YES;
				BUNDLE_LOADER = "$(TEST_HOST)";
				CODE_SIGN_STYLE = Automatic;
				INFOPLIST_FILE = AlertsTests/Info.plist;
				IPHONEOS_DEPLOYMENT_TARGET = 13.2;
				LD_RUNPATH_SEARCH_PATHS = (
					"$(inherited)",
					"@executable_path/Frameworks",
					"@loader_path/Frameworks",
				);
				PRODUCT_BUNDLE_IDENTIFIER = com.ajaygandecha.AlertsTests;
				PRODUCT_NAME = "$(TARGET_NAME)";
				SWIFT_VERSION = 5.0;
				TARGETED_DEVICE_FAMILY = "1,2";
				TEST_HOST = "$(BUILT_PRODUCTS_DIR)/Alerts.app/Alerts";
			};
			name = Release;
		};
		4E56FC4023A05682001678F4 /* Debug */ = {
			isa = XCBuildConfiguration;
			buildSettings = {
				ALWAYS_EMBED_SWIFT_STANDARD_LIBRARIES = YES;
				CODE_SIGN_STYLE = Automatic;
				INFOPLIST_FILE = AlertsUITests/Info.plist;
				LD_RUNPATH_SEARCH_PATHS = (
					"$(inherited)",
					"@executable_path/Frameworks",
					"@loader_path/Frameworks",
				);
				PRODUCT_BUNDLE_IDENTIFIER = com.ajaygandecha.AlertsUITests;
				PRODUCT_NAME = "$(TARGET_NAME)";
				SWIFT_VERSION = 5.0;
				TARGETED_DEVICE_FAMILY = "1,2";
				TEST_TARGET_NAME = Alerts;
			};
			name = Debug;
		};
		4E56FC4123A05682001678F4 /* Release */ = {
			isa = XCBuildConfiguration;
			buildSettings = {
				ALWAYS_EMBED_SWIFT_STANDARD_LIBRARIES = YES;
				CODE_SIGN_STYLE = Automatic;
				INFOPLIST_FILE = AlertsUITests/Info.plist;
				LD_RUNPATH_SEARCH_PATHS = (
					"$(inherited)",
					"@executable_path/Frameworks",
					"@loader_path/Frameworks",
				);
				PRODUCT_BUNDLE_IDENTIFIER = com.ajaygandecha.AlertsUITests;
				PRODUCT_NAME = "$(TARGET_NAME)";
				SWIFT_VERSION = 5.0;
				TARGETED_DEVICE_FAMILY = "1,2";
				TEST_TARGET_NAME = Alerts;
			};
			name = Release;
		};
/* End XCBuildConfiguration section */

/* Begin XCConfigurationList section */
		4E56FC0A23A05681001678F4 /* Build configuration list for PBXProject "Alerts" */ = {
			isa = XCConfigurationList;
			buildConfigurations = (
				4E56FC3723A05682001678F4 /* Debug */,
				4E56FC3823A05682001678F4 /* Release */,
			);
			defaultConfigurationIsVisible = 0;
			defaultConfigurationName = Release;
		};
		4E56FC3923A05682001678F4 /* Build configuration list for PBXNativeTarget "Alerts" */ = {
			isa = XCConfigurationList;
			buildConfigurations = (
				4E56FC3A23A05682001678F4 /* Debug */,
				4E56FC3B23A05682001678F4 /* Release */,
			);
			defaultConfigurationIsVisible = 0;
			defaultConfigurationName = Release;
		};
		4E56FC3C23A05682001678F4 /* Build configuration list for PBXNativeTarget "AlertsTests" */ = {
			isa = XCConfigurationList;
			buildConfigurations = (
				4E56FC3D23A05682001678F4 /* Debug */,
				4E56FC3E23A05682001678F4 /* Release */,
			);
			defaultConfigurationIsVisible = 0;
			defaultConfigurationName = Release;
		};
		4E56FC3F23A05682001678F4 /* Build configuration list for PBXNativeTarget "AlertsUITests" */ = {
			isa = XCConfigurationList;
			buildConfigurations = (
				4E56FC4023A05682001678F4 /* Debug */,
				4E56FC4123A05682001678F4 /* Release */,
			);
			defaultConfigurationIsVisible = 0;
			defaultConfigurationName = Release;
		};
/* End XCConfigurationList section */
	};
	rootObject = 4E56FC0723A05681001678F4 /* Project object */;
}
